
Microsoft Visual Studio Solution File, Format Version 12.00
# Visual Studio 15
VisualStudioVersion = 15.0.27703.2026
MinimumVisualStudioVersion = 10.0.40219.1
Project("{FAE04EC0-301F-11D3-BF4B-00C04F79EFBC}") = "HotelSearch.Api", "HotelSearch.Api\HotelSearch.Api.csproj", "{3CF614F8-A80A-4C36-B8C7-247E442DAB63}"
EndProject
Project("{FAE04EC0-301F-11D3-BF4B-00C04F79EFBC}") = "HotelSearch.Data", "HotelSearch.Data\HotelSearch.Data.csproj", "{64E90249-2BD3-42D2-B1DC-71D86AB97365}"
EndProject
Project("{FAE04EC0-301F-11D3-BF4B-00C04F79EFBC}") = "HotelSearch.Business", "HotelSearch.Business\HotelSearch.Business.csproj", "{8C2DA121-6D03-4645-B714-517620725217}"
EndProject
Project("{FAE04EC0-301F-11D3-BF4B-00C04F79EFBC}") = "HotelSearch.Common", "HotelSearch.Common\HotelSearch.Common.csproj", "{7242A884-2D5A-4F11-87BB-A9D5291C1833}"
EndProject
Project("{FAE04EC0-301F-11D3-BF4B-00C04F79EFBC}") = "HotelSearch.Entities", "HotelSearch.Entities\HotelSearch.Entities.csproj", "{DCBD298F-0D49-49AE-B73A-555B1285F38F}"
EndProject
Global
	GlobalSection(SolutionConfigurationPlatforms) = preSolution
		Debug|Any CPU = Debug|Any CPU
		Release|Any CPU = Release|Any CPU
	EndGlobalSection
	GlobalSection(ProjectConfigurationPlatforms) = postSolution
		{3CF614F8-A80A-4C36-B8C7-247E442DAB63}.Debug|Any CPU.ActiveCfg = Debug|Any CPU
		{3CF614F8-A80A-4C36-B8C7-247E442DAB63}.Debug|Any CPU.Build.0 = Debug|Any CPU
		{3CF614F8-A80A-4C36-B8C7-247E442DAB63}.Release|Any CPU.ActiveCfg = Release|Any CPU
		{3CF614F8-A80A-4C36-B8C7-247E442DAB63}.Release|Any CPU.Build.0 = Release|Any CPU
		{64E90249-2BD3-42D2-B1DC-71D86AB97365}.Debug|Any CPU.ActiveCfg = Debug|Any CPU
		{64E90249-2BD3-42D2-B1DC-71D86AB97365}.Debug|Any CPU.Build.0 = Debug|Any CPU
		{64E90249-2BD3-42D2-B1DC-71D86AB97365}.Release|Any CPU.ActiveCfg = Release|Any CPU
		{64E90249-2BD3-42D2-B1DC-71D86AB97365}.Release|Any CPU.Build.0 = Release|Any CPU
		{8C2DA121-6D03-4645-B714-517620725217}.Debug|Any CPU.ActiveCfg = Debug|Any CPU
		{8C2DA121-6D03-4645-B714-517620725217}.Debug|Any CPU.Build.0 = Debug|Any CPU
		{8C2DA121-6D03-4645-B714-517620725217}.Release|Any CPU.ActiveCfg = Release|Any CPU
		{8C2DA121-6D03-4645-B714-517620725217}.Release|Any CPU.Build.0 = Release|Any CPU
		{7242A884-2D5A-4F11-87BB-A9D5291C1833}.Debug|Any CPU.ActiveCfg = Debug|Any CPU
		{7242A884-2D5A-4F11-87BB-A9D5291C1833}.Debug|Any CPU.Build.0 = Debug|Any CPU
		{7242A884-2D5A-4F11-87BB-A9D5291C1833}.Release|Any CPU.ActiveCfg = Release|Any CPU
		{7242A884-2D5A-4F11-87BB-A9D5291C1833}.Release|Any CPU.Build.0 = Release|Any CPU
		{DCBD298F-0D49-49AE-B73A-555B1285F38F}.Debug|Any CPU.ActiveCfg = Debug|Any CPU
		{DCBD298F-0D49-49AE-B73A-555B1285F38F}.Debug|Any CPU.Build.0 = Debug|Any CPU
		{DCBD298F-0D49-49AE-B73A-555B1285F38F}.Release|Any CPU.ActiveCfg = Release|Any CPU
		{DCBD298F-0D49-49AE-B73A-555B1285F38F}.Release|Any CPU.Build.0 = Release|Any CPU
	EndGlobalSection
	GlobalSection(SolutionProperties) = preSolution
		HideSolutionNode = FALSE
	EndGlobalSection
	GlobalSection(ExtensibilityGlobals) = postSolution
		SolutionGuid = {CF81572D-8D24-4F8B-A0ED-3F5554B77A11}
	EndGlobalSection
EndGlobal
